
Microsoft Visual Studio Solution File, Format Version 12.00
# Visual Studio Version 17
VisualStudioVersion = 17.11.35327.3
MinimumVisualStudioVersion = 10.0.40219.1
Project("{8BC9CEB8-8B4A-11D0-8D11-00A0C91BC942}") = "ConsoleApplication2", "ConsoleApplication2.vcxproj", "{E9768ACD-8874-4E87-8B37-8D5669138997}"
EndProject
Global
	GlobalSection(SolutionConfigurationPlatforms) = preSolution
		Debug|x64 = Debug|x64
		Debug|x86 = Debug|x86
		Release|x64 = Release|x64
		Release|x86 = Release|x86
	EndGlobalSection
	GlobalSection(ProjectConfigurationPlatforms) = postSolution
		{E9768ACD-8874-4E87-8B37-8D5669138997}.Debug|x64.ActiveCfg = Debug|x64
		{E9768ACD-8874-4E87-8B37-8D5669138997}.Debug|x64.Build.0 = Debug|x64
		{E9768ACD-8874-4E87-8B37-8D5669138997}.Debug|x86.ActiveCfg = Debug|Win32
		{E9768ACD-8874-4E87-8B37-8D5669138997}.Debug|x86.Build.0 = Debug|Win32
		{E9768ACD-8874-4E87-8B37-8D5669138997}.Release|x64.ActiveCfg = Release|x64
		{E9768ACD-8874-4E87-8B37-8D5669138997}.Release|x64.Build.0 = Release|x64
		{E9768ACD-8874-4E87-8B37-8D5669138997}.Release|x86.ActiveCfg = Release|Win32
		{E9768ACD-8874-4E87-8B37-8D5669138997}.Release|x86.Build.0 = Release|Win32
	EndGlobalSection
	GlobalSection(SolutionProperties) = preSolution
		HideSolutionNode = FALSE
	EndGlobalSection
	GlobalSection(ExtensibilityGlobals) = postSolution
		SolutionGuid = {BE7C486F-5D48-4D31-A248-C190EF62AEBC}
	EndGlobalSection
EndGlobal
